
Microsoft Visual Studio Solution File, Format Version 12.00
# Visual Studio 15
VisualStudioVersion = 15.0.28307.329
MinimumVisualStudioVersion = 10.0.40219.1
Project("{FAE04EC0-301F-11D3-BF4B-00C04F79EFBC}") = "Challenge", "Challenge\Challenge.csproj", "{834F5F93-6C48-41F0-B5C5-095952BD5832}"
EndProject
Global
	GlobalSection(SolutionConfigurationPlatforms) = preSolution
		Debug|Any CPU = Debug|Any CPU
		Release|Any CPU = Release|Any CPU
	EndGlobalSection
	GlobalSection(ProjectConfigurationPlatforms) = postSolution
		{834F5F93-6C48-41F0-B5C5-095952BD5832}.Debug|Any CPU.ActiveCfg = Debug|Any CPU
		{834F5F93-6C48-41F0-B5C5-095952BD5832}.Debug|Any CPU.Build.0 = Debug|Any CPU
		{834F5F93-6C48-41F0-B5C5-095952BD5832}.Release|Any CPU.ActiveCfg = Release|Any CPU
		{834F5F93-6C48-41F0-B5C5-095952BD5832}.Release|Any CPU.Build.0 = Release|Any CPU
	EndGlobalSection
	GlobalSection(SolutionProperties) = preSolution
		HideSolutionNode = FALSE
	EndGlobalSection
	GlobalSection(ExtensibilityGlobals) = postSolution
		SolutionGuid = {380AF4A8-BEF1-42C2-B894-E083ED1D14B5}
	EndGlobalSection
EndGlobal
